dependencies:
  espressif/usb_host_hid:
    component_hash: 99d9ec2c6799ec4c8b366af5271b6e50700f6de3f5258e157de2b6799639cf66
    dependencies:
    - name: idf
      require: private
      version: '>=5.0'
    - name: espressif/usb
      registry_url: https://components.espressif.com
      require: public
      rules:
      - if: idf_version >=6.0
      - if: target not in ["linux"]
      version: ^1.0.0
    source:
      registry_url: https://components.espressif.com/
      type: service
    targets:
    - esp32s2
    - esp32s3
    - esp32p4
    - esp32h4
    - linux
    version: 1.1.0
  idf:
    source:
      type: idf
    version: 5.5.2
direct_dependencies:
- espressif/usb_host_hid
- idf
manifest_hash: d10f9ee423c886e0978b57be5193664ea5b0162dc2e26d75486089614c5946e1
target: esp32s3
version: 2.0.0
